
Microsoft Visual Studio Solution File, Format Version 12.00
# Visual Studio Version 16
VisualStudioVersion = 16.0.29728.190
MinimumVisualStudioVersion = 10.0.40219.1
Project("{8BC9CEB8-8B4A-11D0-8D11-00A0C91BC942}") = "UPC-SaveTheRiver", "UPC-SaveTheRiver\UPC-SaveTheRiver.vcxproj", "{DE5F36CA-07D2-487D-8C40-A0BFCC96054F}"
EndProject
Global
	GlobalSection(SolutionConfigurationPlatforms) = preSolution
		Debug|x64 = Debug|x64
		Debug|x86 = Debug|x86
		Release|x64 = Release|x64
		Release|x86 = Release|x86
	EndGlobalSection
	GlobalSection(ProjectConfigurationPlatforms) = postSolution
		{DE5F36CA-07D2-487D-8C40-A0BFCC96054F}.Debug|x64.ActiveCfg = Debug|x64
		{DE5F36CA-07D2-487D-8C40-A0BFCC96054F}.Debug|x64.Build.0 = Debug|x64
		{DE5F36CA-07D2-487D-8C40-A0BFCC96054F}.Debug|x86.ActiveCfg = Debug|Win32
		{DE5F36CA-07D2-487D-8C40-A0BFCC96054F}.Debug|x86.Build.0 = Debug|Win32
		{DE5F36CA-07D2-487D-8C40-A0BFCC96054F}.Release|x64.ActiveCfg = Release|x64
		{DE5F36CA-07D2-487D-8C40-A0BFCC96054F}.Release|x64.Build.0 = Release|x64
		{DE5F36CA-07D2-487D-8C40-A0BFCC96054F}.Release|x86.ActiveCfg = Release|Win32
		{DE5F36CA-07D2-487D-8C40-A0BFCC96054F}.Release|x86.Build.0 = Release|Win32
	EndGlobalSection
	GlobalSection(SolutionProperties) = preSolution
		HideSolutionNode = FALSE
	EndGlobalSection
	GlobalSection(ExtensibilityGlobals) = postSolution
		SolutionGuid = {9B40A88C-751B-41BA-983F-F3F334DB9898}
	EndGlobalSection
EndGlobal
